
Microsoft Visual Studio Solution File, Format Version 11.00
# Visual Studio 2010
Project("{F184B08F-C81C-45F6-A57F-5ABD9991F28F}") = "dllRports", "dllRports\dllRports.vbproj", "{B6087B30-41FC-48CC-A0AC-81DD937D17B5}"
EndProject
Global
	GlobalSection(SolutionConfigurationPlatforms) = preSolution
		Debug|Any CPU = Debug|Any CPU
		Release|Any CPU = Release|Any CPU
	EndGlobalSection
	GlobalSection(ProjectConfigurationPlatforms) = postSolution
		{B6087B30-41FC-48CC-A0AC-81DD937D17B5}.Debug|Any CPU.ActiveCfg = Debug|Any CPU
		{B6087B30-41FC-48CC-A0AC-81DD937D17B5}.Debug|Any CPU.Build.0 = Debug|Any CPU
		{B6087B30-41FC-48CC-A0AC-81DD937D17B5}.Release|Any CPU.ActiveCfg = Release|Any CPU
		{B6087B30-41FC-48CC-A0AC-81DD937D17B5}.Release|Any CPU.Build.0 = Release|Any CPU
	EndGlobalSection
	GlobalSection(SolutionProperties) = preSolution
		HideSolutionNode = FALSE
	EndGlobalSection
EndGlobal
